
Microsoft Visual Studio Solution File, Format Version 12.00
# Visual Studio Version 17
VisualStudioVersion = 17.9.34728.123
MinimumVisualStudioVersion = 10.0.40219.1
Project("{FAE04EC0-301F-11D3-BF4B-00C04F79EFBC}") = "KMS1_06_LE_04_01", "KMS1_06_LE_04_01.csproj", "{3512D1CC-6F14-4372-99E3-4F4D9A806A00}"
EndProject
Global
	GlobalSection(SolutionConfigurationPlatforms) = preSolution
		Debug|Any CPU = Debug|Any CPU
		Release|Any CPU = Release|Any CPU
	EndGlobalSection
	GlobalSection(ProjectConfigurationPlatforms) = postSolution
		{3512D1CC-6F14-4372-99E3-4F4D9A806A00}.Debug|Any CPU.ActiveCfg = Debug|Any CPU
		{3512D1CC-6F14-4372-99E3-4F4D9A806A00}.Debug|Any CPU.Build.0 = Debug|Any CPU
		{3512D1CC-6F14-4372-99E3-4F4D9A806A00}.Release|Any CPU.ActiveCfg = Release|Any CPU
		{3512D1CC-6F14-4372-99E3-4F4D9A806A00}.Release|Any CPU.Build.0 = Release|Any CPU
	EndGlobalSection
	GlobalSection(SolutionProperties) = preSolution
		HideSolutionNode = FALSE
	EndGlobalSection
	GlobalSection(ExtensibilityGlobals) = postSolution
		SolutionGuid = {52EB09BD-749A-4048-814D-D6D52F630301}
	EndGlobalSection
EndGlobal
